
Microsoft Visual Studio Solution File, Format Version 12.00
# Visual Studio Version 17
VisualStudioVersion = 17.3.32929.385
MinimumVisualStudioVersion = 10.0.40219.1
Project("{9A19103F-16F7-4668-BE54-9A1E7A4F7556}") = "RSModels", "RSModels\RSModels.csproj", "{415D33E2-614F-40A5-BD51-967424BB9876}"
EndProject
Project("{9A19103F-16F7-4668-BE54-9A1E7A4F7556}") = "RSES", "RSES\RSES.csproj", "{8F17C591-1D42-4BDA-B2B4-28E43FDAD784}"
EndProject
Project("{9A19103F-16F7-4668-BE54-9A1E7A4F7556}") = "RSUtils", "RSUtils\RSUtils.csproj", "{482EDEC6-D34B-403C-BBC9-AC7900B77519}"
EndProject
Project("{9A19103F-16F7-4668-BE54-9A1E7A4F7556}") = "RSWeb", "RSWeb\RSWeb.csproj", "{CAB99132-E655-42CB-AAD1-6930E4432368}"
EndProject
Project("{FAE04EC0-301F-11D3-BF4B-00C04F79EFBC}") = "RSService", "RSService\RSService.csproj", "{5BACE26E-D0BA-403D-8571-17BC0EF72C49}"
EndProject
Project("{FAE04EC0-301F-11D3-BF4B-00C04F79EFBC}") = "RSECC", "RSECC\RSECC.csproj", "{AFDFECAB-F994-40BA-A135-FF8358875618}"
EndProject
Global
	GlobalSection(SolutionConfigurationPlatforms) = preSolution
		Debug|Any CPU = Debug|Any CPU
		Release|Any CPU = Release|Any CPU
	EndGlobalSection
	GlobalSection(ProjectConfigurationPlatforms) = postSolution
		{415D33E2-614F-40A5-BD51-967424BB9876}.Debug|Any CPU.ActiveCfg = Debug|Any CPU
		{415D33E2-614F-40A5-BD51-967424BB9876}.Debug|Any CPU.Build.0 = Debug|Any CPU
		{415D33E2-614F-40A5-BD51-967424BB9876}.Release|Any CPU.ActiveCfg = Release|Any CPU
		{415D33E2-614F-40A5-BD51-967424BB9876}.Release|Any CPU.Build.0 = Release|Any CPU
		{8F17C591-1D42-4BDA-B2B4-28E43FDAD784}.Debug|Any CPU.ActiveCfg = Debug|Any CPU
		{8F17C591-1D42-4BDA-B2B4-28E43FDAD784}.Debug|Any CPU.Build.0 = Debug|Any CPU
		{8F17C591-1D42-4BDA-B2B4-28E43FDAD784}.Release|Any CPU.ActiveCfg = Release|Any CPU
		{8F17C591-1D42-4BDA-B2B4-28E43FDAD784}.Release|Any CPU.Build.0 = Release|Any CPU
		{482EDEC6-D34B-403C-BBC9-AC7900B77519}.Debug|Any CPU.ActiveCfg = Debug|Any CPU
		{482EDEC6-D34B-403C-BBC9-AC7900B77519}.Debug|Any CPU.Build.0 = Debug|Any CPU
		{482EDEC6-D34B-403C-BBC9-AC7900B77519}.Release|Any CPU.ActiveCfg = Release|Any CPU
		{482EDEC6-D34B-403C-BBC9-AC7900B77519}.Release|Any CPU.Build.0 = Release|Any CPU
		{CAB99132-E655-42CB-AAD1-6930E4432368}.Debug|Any CPU.ActiveCfg = Debug|Any CPU
		{CAB99132-E655-42CB-AAD1-6930E4432368}.Debug|Any CPU.Build.0 = Debug|Any CPU
		{CAB99132-E655-42CB-AAD1-6930E4432368}.Release|Any CPU.ActiveCfg = Release|Any CPU
		{CAB99132-E655-42CB-AAD1-6930E4432368}.Release|Any CPU.Build.0 = Release|Any CPU
		{5BACE26E-D0BA-403D-8571-17BC0EF72C49}.Debug|Any CPU.ActiveCfg = Debug|Any CPU
		{5BACE26E-D0BA-403D-8571-17BC0EF72C49}.Debug|Any CPU.Build.0 = Debug|Any CPU
		{5BACE26E-D0BA-403D-8571-17BC0EF72C49}.Release|Any CPU.ActiveCfg = Release|Any CPU
		{5BACE26E-D0BA-403D-8571-17BC0EF72C49}.Release|Any CPU.Build.0 = Release|Any CPU
		{AFDFECAB-F994-40BA-A135-FF8358875618}.Debug|Any CPU.ActiveCfg = Debug|Any CPU
		{AFDFECAB-F994-40BA-A135-FF8358875618}.Debug|Any CPU.Build.0 = Debug|Any CPU
		{AFDFECAB-F994-40BA-A135-FF8358875618}.Release|Any CPU.ActiveCfg = Release|Any CPU
		{AFDFECAB-F994-40BA-A135-FF8358875618}.Release|Any CPU.Build.0 = Release|Any CPU
	EndGlobalSection
	GlobalSection(SolutionProperties) = preSolution
		HideSolutionNode = FALSE
	EndGlobalSection
	GlobalSection(ExtensibilityGlobals) = postSolution
		SolutionGuid = {19C7FD0E-8B2C-4562-9BE4-1730C378A73A}
	EndGlobalSection
EndGlobal
